
Microsoft Visual Studio Solution File, Format Version 12.00
# Visual Studio Version 17
VisualStudioVersion = 17.1.32421.90
MinimumVisualStudioVersion = 10.0.40219.1
Project("{FAE04EC0-301F-11D3-BF4B-00C04F79EFBC}") = "ex4", "ex4\ex4.csproj", "{64431B13-519F-41FB-AEDC-2961ADA50A83}"
EndProject
Global
	GlobalSection(SolutionConfigurationPlatforms) = preSolution
		Debug|Any CPU = Debug|Any CPU
		Release|Any CPU = Release|Any CPU
	EndGlobalSection
	GlobalSection(ProjectConfigurationPlatforms) = postSolution
		{64431B13-519F-41FB-AEDC-2961ADA50A83}.Debug|Any CPU.ActiveCfg = Debug|Any CPU
		{64431B13-519F-41FB-AEDC-2961ADA50A83}.Debug|Any CPU.Build.0 = Debug|Any CPU
		{64431B13-519F-41FB-AEDC-2961ADA50A83}.Release|Any CPU.ActiveCfg = Release|Any CPU
		{64431B13-519F-41FB-AEDC-2961ADA50A83}.Release|Any CPU.Build.0 = Release|Any CPU
	EndGlobalSection
	GlobalSection(SolutionProperties) = preSolution
		HideSolutionNode = FALSE
	EndGlobalSection
	GlobalSection(ExtensibilityGlobals) = postSolution
		SolutionGuid = {7A68DAA5-6B53-476F-9F2B-7932FD1DFCF9}
	EndGlobalSection
EndGlobal
