
Microsoft Visual Studio Solution File, Format Version 12.00
# Visual Studio Version 17
VisualStudioVersion = 17.1.32421.90
MinimumVisualStudioVersion = 10.0.40219.1
Project("{FAE04EC0-301F-11D3-BF4B-00C04F79EFBC}") = "ex8", "ex8\ex8.csproj", "{8E1C02CD-453D-4E38-B5D7-C7C9B16AE678}"
EndProject
Global
	GlobalSection(SolutionConfigurationPlatforms) = preSolution
		Debug|Any CPU = Debug|Any CPU
		Release|Any CPU = Release|Any CPU
	EndGlobalSection
	GlobalSection(ProjectConfigurationPlatforms) = postSolution
		{8E1C02CD-453D-4E38-B5D7-C7C9B16AE678}.Debug|Any CPU.ActiveCfg = Debug|Any CPU
		{8E1C02CD-453D-4E38-B5D7-C7C9B16AE678}.Debug|Any CPU.Build.0 = Debug|Any CPU
		{8E1C02CD-453D-4E38-B5D7-C7C9B16AE678}.Release|Any CPU.ActiveCfg = Release|Any CPU
		{8E1C02CD-453D-4E38-B5D7-C7C9B16AE678}.Release|Any CPU.Build.0 = Release|Any CPU
	EndGlobalSection
	GlobalSection(SolutionProperties) = preSolution
		HideSolutionNode = FALSE
	EndGlobalSection
	GlobalSection(ExtensibilityGlobals) = postSolution
		SolutionGuid = {69376A80-D8BD-4C40-AEE4-312A701B4F78}
	EndGlobalSection
EndGlobal
